Microsoft Visual Studio Solution File, Format Version 7.00
Project("{8BC9CEB8-8B4A-11D0-8D11-00A0C91BC942}") = "AutoSeededX917", "AutoSeededX917.vcproj", "{BFFE2C94-3B39-407F-98A3-16297673D9FE}"
EndProject
Global
	GlobalSection(SolutionConfiguration) = preSolution
		ConfigName.0 = Debug
		ConfigName.1 = Release
	EndGlobalSection
	GlobalSection(ProjectDependencies) = postSolution
	EndGlobalSection
	GlobalSection(ProjectConfiguration) = postSolution
		{BFFE2C94-3B39-407F-98A3-16297673D9FE}.Debug.ActiveCfg = Debug|Win32
		{BFFE2C94-3B39-407F-98A3-16297673D9FE}.Debug.Build.0 = Debug|Win32
		{BFFE2C94-3B39-407F-98A3-16297673D9FE}.Release.ActiveCfg = Release|Win32
		{BFFE2C94-3B39-407F-98A3-16297673D9FE}.Release.Build.0 = Release|Win32
	EndGlobalSection
	GlobalSection(ExtensibilityGlobals) = postSolution
	EndGlobalSection
	GlobalSection(ExtensibilityAddIns) = postSolution
	EndGlobalSection
EndGlobal
